{
  "name": "PHI",
  "lockfileVersion": 2,
  "requires": true,
  "packages": {
    "": {
      "dependencies": {
        "gcc": "^1.0.2"
      }
    },
    "node_modules/gcc": {
      "version": "1.0.2",
      "resolved": "https://registry.npmjs.org/gcc/-/gcc-1.0.2.tgz",
      "integrity": "sha512-Hici6u9iQBJnQb1VPGveyvSKMHktPjwgp/RZgtWTxqGTCA0ILaV+ySoClgvhWrzAjPxyl8UU/iapcD5Z3TPhlQ==",
      "engines": {
        "node": "*"
      }
    }
  },
  "dependencies": {
    "gcc": {
      "version": "1.0.2",
      "resolved": "https://registry.npmjs.org/gcc/-/gcc-1.0.2.tgz",
      "integrity": "sha512-Hici6u9iQBJnQb1VPGveyvSKMHktPjwgp/RZgtWTxqGTCA0ILaV+ySoClgvhWrzAjPxyl8UU/iapcD5Z3TPhlQ=="
    }
  }
}
