
Microsoft Visual Studio Solution File, Format Version 12.00
# Visual Studio Version 17
VisualStudioVersion = 17.0.31903.59
MinimumVisualStudioVersion = 10.0.40219.1
Project("{2150E333-8FDC-42A3-9474-1A3956D46DE8}") = "Compiler", "Compiler", "{D380BBDB-B7AF-40FA-9774-94CE5E661ECE}"
EndProject
Project("{2150E333-8FDC-42A3-9474-1A3956D46DE8}") = "Translator", "Translator", "{262BB2D5-C92E-4A11-B112-547E9DABE1A4}"
EndProject
Project("{2150E333-8FDC-42A3-9474-1A3956D46DE8}") = "PhiBasicTranslator", "PhiBasicTranslator", "{BD3C3ECC-6DF8-4FE1-9E62-94C2BB02F758}"
EndProject
Project("{FAE04EC0-301F-11D3-BF4B-00C04F79EFBC}") = "PhiBasicTranslator", "Compiler\Translator\PhiBasicTranslator\PhiBasicTranslator\PhiBasicTranslator.csproj", "{3D50B2BD-E7FB-48D8-AE06-23812CC1E792}"
EndProject
Project("{FAE04EC0-301F-11D3-BF4B-00C04F79EFBC}") = "ConvertFile", "Compiler\Translator\PhiBasicTranslator\ConvertFile\ConvertFile.csproj", "{68F1254D-F8F5-42AF-A902-AB205CB9C380}"
EndProject
Project("{FAE04EC0-301F-11D3-BF4B-00C04F79EFBC}") = "Phi.Cli", "Compiler\Phi.Cli\Phi.Cli.csproj", "{9EA10AAE-E703-4EDA-91A0-5D37BAA61479}"
EndProject
Global
	GlobalSection(SolutionConfigurationPlatforms) = preSolution
		Debug|Any CPU = Debug|Any CPU
		Release|Any CPU = Release|Any CPU
	EndGlobalSection
	GlobalSection(SolutionProperties) = preSolution
		HideSolutionNode = FALSE
	EndGlobalSection
	GlobalSection(ProjectConfigurationPlatforms) = postSolution
		{3D50B2BD-E7FB-48D8-AE06-23812CC1E792}.Debug|Any CPU.ActiveCfg = Debug|Any CPU
		{3D50B2BD-E7FB-48D8-AE06-23812CC1E792}.Debug|Any CPU.Build.0 = Debug|Any CPU
		{3D50B2BD-E7FB-48D8-AE06-23812CC1E792}.Release|Any CPU.ActiveCfg = Release|Any CPU
		{3D50B2BD-E7FB-48D8-AE06-23812CC1E792}.Release|Any CPU.Build.0 = Release|Any CPU
		{68F1254D-F8F5-42AF-A902-AB205CB9C380}.Debug|Any CPU.ActiveCfg = Debug|Any CPU
		{68F1254D-F8F5-42AF-A902-AB205CB9C380}.Debug|Any CPU.Build.0 = Debug|Any CPU
		{68F1254D-F8F5-42AF-A902-AB205CB9C380}.Release|Any CPU.ActiveCfg = Release|Any CPU
		{68F1254D-F8F5-42AF-A902-AB205CB9C380}.Release|Any CPU.Build.0 = Release|Any CPU
		{9EA10AAE-E703-4EDA-91A0-5D37BAA61479}.Debug|Any CPU.ActiveCfg = Debug|Any CPU
		{9EA10AAE-E703-4EDA-91A0-5D37BAA61479}.Debug|Any CPU.Build.0 = Debug|Any CPU
		{9EA10AAE-E703-4EDA-91A0-5D37BAA61479}.Release|Any CPU.ActiveCfg = Release|Any CPU
		{9EA10AAE-E703-4EDA-91A0-5D37BAA61479}.Release|Any CPU.Build.0 = Release|Any CPU
	EndGlobalSection
	GlobalSection(NestedProjects) = preSolution
		{262BB2D5-C92E-4A11-B112-547E9DABE1A4} = {D380BBDB-B7AF-40FA-9774-94CE5E661ECE}
		{BD3C3ECC-6DF8-4FE1-9E62-94C2BB02F758} = {262BB2D5-C92E-4A11-B112-547E9DABE1A4}
		{3D50B2BD-E7FB-48D8-AE06-23812CC1E792} = {BD3C3ECC-6DF8-4FE1-9E62-94C2BB02F758}
		{68F1254D-F8F5-42AF-A902-AB205CB9C380} = {BD3C3ECC-6DF8-4FE1-9E62-94C2BB02F758}
		{9EA10AAE-E703-4EDA-91A0-5D37BAA61479} = {D380BBDB-B7AF-40FA-9774-94CE5E661ECE}
	EndGlobalSection
EndGlobal
