
Microsoft Visual Studio Solution File, Format Version 12.00
# Visual Studio Version 17
VisualStudioVersion = 17.0.31903.59
MinimumVisualStudioVersion = 10.0.40219.1
Project("{2150E333-8FDC-42A3-9474-1A3956D46DE8}") = "Compiler", "Compiler", "{D380BBDB-B7AF-40FA-9774-94CE5E661ECE}"
EndProject
Project("{FAE04EC0-301F-11D3-BF4B-00C04F79EFBC}") = "Phi.Cli", "Compiler\Phi.Cli\Phi.Cli.csproj", "{9EA10AAE-E703-4EDA-91A0-5D37BAA61479}"
EndProject
Project("{FAE04EC0-301F-11D3-BF4B-00C04F79EFBC}") = "Phi.Compiler", "Compiler\Phi.Compiler\Phi.Compiler.csproj", "{07E480EE-9D4B-4CA2-91D8-5697076BA031}"
EndProject
Project("{FAE04EC0-301F-11D3-BF4B-00C04F79EFBC}") = "Phi.Compiler.Tests", "Compiler\Phi.Compiler.Tests\Phi.Compiler.Tests.csproj", "{D80FA38B-E408-46FD-81E3-4EC7D5D96A6A}"
EndProject
Global
	GlobalSection(SolutionConfigurationPlatforms) = preSolution
		Debug|Any CPU = Debug|Any CPU
		Release|Any CPU = Release|Any CPU
	EndGlobalSection
	GlobalSection(SolutionProperties) = preSolution
		HideSolutionNode = FALSE
	EndGlobalSection
	GlobalSection(ProjectConfigurationPlatforms) = postSolution
		{9EA10AAE-E703-4EDA-91A0-5D37BAA61479}.Debug|Any CPU.ActiveCfg = Debug|Any CPU
		{9EA10AAE-E703-4EDA-91A0-5D37BAA61479}.Debug|Any CPU.Build.0 = Debug|Any CPU
		{9EA10AAE-E703-4EDA-91A0-5D37BAA61479}.Release|Any CPU.ActiveCfg = Release|Any CPU
		{9EA10AAE-E703-4EDA-91A0-5D37BAA61479}.Release|Any CPU.Build.0 = Release|Any CPU
		{07E480EE-9D4B-4CA2-91D8-5697076BA031}.Debug|Any CPU.ActiveCfg = Debug|Any CPU
		{07E480EE-9D4B-4CA2-91D8-5697076BA031}.Debug|Any CPU.Build.0 = Debug|Any CPU
		{07E480EE-9D4B-4CA2-91D8-5697076BA031}.Release|Any CPU.ActiveCfg = Release|Any CPU
		{07E480EE-9D4B-4CA2-91D8-5697076BA031}.Release|Any CPU.Build.0 = Release|Any CPU
		{D80FA38B-E408-46FD-81E3-4EC7D5D96A6A}.Debug|Any CPU.ActiveCfg = Debug|Any CPU
		{D80FA38B-E408-46FD-81E3-4EC7D5D96A6A}.Debug|Any CPU.Build.0 = Debug|Any CPU
		{D80FA38B-E408-46FD-81E3-4EC7D5D96A6A}.Release|Any CPU.ActiveCfg = Release|Any CPU
		{D80FA38B-E408-46FD-81E3-4EC7D5D96A6A}.Release|Any CPU.Build.0 = Release|Any CPU
	EndGlobalSection
	GlobalSection(NestedProjects) = preSolution
		{9EA10AAE-E703-4EDA-91A0-5D37BAA61479} = {D380BBDB-B7AF-40FA-9774-94CE5E661ECE}
		{07E480EE-9D4B-4CA2-91D8-5697076BA031} = {D380BBDB-B7AF-40FA-9774-94CE5E661ECE}
		{D80FA38B-E408-46FD-81E3-4EC7D5D96A6A} = {D380BBDB-B7AF-40FA-9774-94CE5E661ECE}
	EndGlobalSection
EndGlobal
